{
  "version": 4,
  "terraform_version": "1.0.9",
  "serial": 30,
  "lineage": "20931e7e-30f5-dca7-a79e-004f345e5497",
  "outputs": {},
  "resources": [
    {
      "mode": "managed",
      "type": "aws_ami_from_instance",
      "name": "precious-terraform-training-server-ami",
      "provider": "provider[\"registry.terraform.io/hashicorp/aws\"]",
      "instances": [
        {
          "schema_version": 0,
          "attributes": {
            "architecture": "x86_64",
            "arn": "arn:aws:ec2:eu-west-1::image/ami-08ebce687207a7730",
            "description": "",
            "ebs_block_device": [
              {
                "delete_on_termination": true,
                "device_name": "/dev/sda1",
                "encrypted": false,
                "iops": 0,
                "snapshot_id": "snap-0e78a202384d03ed4",
                "throughput": 0,
                "volume_size": 30,
                "volume_type": "gp2"
              }
            ],
            "ena_support": true,
            "ephemeral_block_device": [
              {
                "device_name": "xvdca",
                "virtual_name": "ephemeral0"
              },
              {
                "device_name": "xvdcb",
                "virtual_name": "ephemeral1"
              },
              {
                "device_name": "xvdcc",
                "virtual_name": "ephemeral2"
              },
              {
                "device_name": "xvdcd",
                "virtual_name": "ephemeral3"
              },
              {
                "device_name": "xvdce",
                "virtual_name": "ephemeral4"
              },
              {
                "device_name": "xvdcf",
                "virtual_name": "ephemeral5"
              },
              {
                "device_name": "xvdcg",
                "virtual_name": "ephemeral6"
              },
              {
                "device_name": "xvdch",
                "virtual_name": "ephemeral7"
              },
              {
                "device_name": "xvdci",
                "virtual_name": "ephemeral8"
              },
              {
                "device_name": "xvdcj",
                "virtual_name": "ephemeral9"
              },
              {
                "device_name": "xvdck",
                "virtual_name": "ephemeral10"
              },
              {
                "device_name": "xvdcl",
                "virtual_name": "ephemeral11"
              },
              {
                "device_name": "xvdcm",
                "virtual_name": "ephemeral12"
              },
              {
                "device_name": "xvdcn",
                "virtual_name": "ephemeral13"
              },
              {
                "device_name": "xvdco",
                "virtual_name": "ephemeral14"
              },
              {
                "device_name": "xvdcp",
                "virtual_name": "ephemeral15"
              },
              {
                "device_name": "xvdcq",
                "virtual_name": "ephemeral16"
              },
              {
                "device_name": "xvdcr",
                "virtual_name": "ephemeral17"
              },
              {
                "device_name": "xvdcs",
                "virtual_name": "ephemeral18"
              },
              {
                "device_name": "xvdct",
                "virtual_name": "ephemeral19"
              },
              {
                "device_name": "xvdcu",
                "virtual_name": "ephemeral20"
              },
              {
                "device_name": "xvdcv",
                "virtual_name": "ephemeral21"
              },
              {
                "device_name": "xvdcw",
                "virtual_name": "ephemeral22"
              },
              {
                "device_name": "xvdcx",
                "virtual_name": "ephemeral23"
              },
              {
                "device_name": "xvdcy",
                "virtual_name": "ephemeral24"
              },
              {
                "device_name": "xvdcz",
                "virtual_name": "ephemeral25"
              }
            ],
            "hypervisor": "xen",
            "id": "ami-08ebce687207a7730",
            "image_location": "074656803336/precious-terraform-training-server-ami",
            "image_owner_alias": "",
            "image_type": "machine",
            "kernel_id": "",
            "manage_ebs_snapshots": true,
            "name": "precious-terraform-training-server-ami",
            "owner_id": "074656803336",
            "platform": "windows",
            "platform_details": "Windows",
            "public": false,
            "ramdisk_id": "",
            "root_device_name": "/dev/sda1",
            "root_snapshot_id": "snap-0e78a202384d03ed4",
            "snapshot_without_reboot": null,
            "source_instance_id": "i-00e1fb7f02defefcf",
            "sriov_net_support": "simple",
            "tags": {
              "Name": "precious-terraform-training-ALB-SG",
              "env": "precious-terraform-training",
              "owner": "precious"
            },
            "tags_all": {
              "Name": "precious-terraform-training-ALB-SG",
              "env": "precious-terraform-training",
              "owner": "precious"
            },
            "timeouts": null,
            "usage_operation": "RunInstances:0002",
            "virtualization_type": "hvm"
          },
          "sensitive_attributes": [],
          "private": "eyJlMmJmYjczMC1lY2FhLTExZTYtOGY4OC0zNDM2M2JjN2M0YzAiOnsiY3JlYXRlIjoyNDAwMDAwMDAwMDAwLCJkZWxldGUiOjU0MDAwMDAwMDAwMDAsInVwZGF0ZSI6MjQwMDAwMDAwMDAwMH19",
          "dependencies": [
            "aws_security_group.precious-terraform-training-ALB-SG",
            "aws_security_group.precious-terraform-training-SG",
            "aws_subnet.precious-terraform-training-subnet1",
            "aws_vpc.precious-terraform-training-vpc",
            "aws_instance.precious-terraform-training-windows-server"
          ],
          "create_before_destroy": true
        }
      ]
    },
    {
      "mode": "managed",
      "type": "aws_instance",
      "name": "precious-terraform-training-windows-server",
      "provider": "provider[\"registry.terraform.io/hashicorp/aws\"]",
      "instances": [
        {
          "schema_version": 1,
          "attributes": {
            "ami": "ami-0e9c222e1a75c8738",
            "arn": "arn:aws:ec2:eu-west-1:074656803336:instance/i-00e1fb7f02defefcf",
            "associate_public_ip_address": true,
            "availability_zone": "eu-west-1c",
            "capacity_reservation_specification": [
              {
                "capacity_reservation_preference": "open",
                "capacity_reservation_target": []
              }
            ],
            "cpu_core_count": 2,
            "cpu_threads_per_core": 1,
            "credit_specification": [
              {
                "cpu_credits": "standard"
              }
            ],
            "disable_api_termination": false,
            "ebs_block_device": [],
            "ebs_optimized": false,
            "enclave_options": [
              {
                "enabled": false
              }
            ],
            "ephemeral_block_device": [],
            "get_password_data": false,
            "hibernation": false,
            "host_id": null,
            "iam_instance_profile": "",
            "id": "i-00e1fb7f02defefcf",
            "instance_initiated_shutdown_behavior": "stop",
            "instance_state": "running",
            "instance_type": "t2.medium",
            "ipv6_address_count": 0,
            "ipv6_addresses": [],
            "key_name": "keypair-precious",
            "launch_template": [],
            "metadata_options": [
              {
                "http_endpoint": "enabled",
                "http_put_response_hop_limit": 1,
                "http_tokens": "optional"
              }
            ],
            "monitoring": false,
            "network_interface": [],
            "outpost_arn": "",
            "password_data": "",
            "placement_group": "",
            "placement_partition_number": null,
            "primary_network_interface_id": "eni-03eee237477eab435",
            "private_dns": "ip-172-31-1-103.eu-west-1.compute.internal",
            "private_ip": "172.31.1.103",
            "public_dns": "",
            "public_ip": "34.241.240.137",
            "root_block_device": [
              {
                "delete_on_termination": true,
                "device_name": "/dev/sda1",
                "encrypted": false,
                "iops": 100,
                "kms_key_id": "",
                "tags": {},
                "throughput": 0,
                "volume_id": "vol-014c9aed793a19681",
                "volume_size": 30,
                "volume_type": "gp2"
              }
            ],
            "secondary_private_ips": [],
            "security_groups": [],
            "source_dest_check": true,
            "subnet_id": "subnet-03b8673ff3f11f434",
            "tags": {
              "Name": "precious-terraform-training-windows-server",
              "env": "precious-terraform-training",
              "owner": "precious"
            },
            "tags_all": {
              "Name": "precious-terraform-training-windows-server",
              "env": "precious-terraform-training",
              "owner": "precious"
            },
            "tenancy": "default",
            "timeouts": null,
            "user_data": "8067fc9a096d40aa7f2b76c1bebc224a3dd5bf20",
            "user_data_base64": null,
            "volume_tags": null,
            "vpc_security_group_ids": [
              "sg-0d465c798fd07ea91"
            ]
          },
          "sensitive_attributes": [],
          "private": "eyJlMmJmYjczMC1lY2FhLTExZTYtOGY4OC0zNDM2M2JjN2M0YzAiOnsiY3JlYXRlIjo2MDAwMDAwMDAwMDAsImRlbGV0ZSI6MTIwMDAwMDAwMDAwMCwidXBkYXRlIjo2MDAwMDAwMDAwMDB9LCJzY2hlbWFfdmVyc2lvbiI6IjEifQ==",
          "dependencies": [
            "aws_vpc.precious-terraform-training-vpc",
            "aws_security_group.precious-terraform-training-ALB-SG",
            "aws_security_group.precious-terraform-training-SG",
            "aws_subnet.precious-terraform-training-subnet1"
          ],
          "create_before_destroy": true
        }
      ]
    },
    {
      "mode": "managed",
      "type": "aws_internet_gateway",
      "name": "precious-terraform-training-igw",
      "provider": "provider[\"registry.terraform.io/hashicorp/aws\"]",
      "instances": [
        {
          "schema_version": 0,
          "attributes": {
            "arn": "arn:aws:ec2:eu-west-1:074656803336:internet-gateway/igw-0f50117347505a507",
            "id": "igw-0f50117347505a507",
            "owner_id": "074656803336",
            "tags": {
              "Name": "precious-terraform-training-igw",
              "env": "precious-terraform-training",
              "owner": "precious"
            },
            "tags_all": {
              "Name": "precious-terraform-training-igw",
              "env": "precious-terraform-training",
              "owner": "precious"
            },
            "vpc_id": "vpc-0e5e364c38930c677"
          },
          "sensitive_attributes": [],
          "private": "bnVsbA==",
          "dependencies": [
            "aws_vpc.precious-terraform-training-vpc"
          ]
        }
      ]
    },
    {
      "mode": "managed",
      "type": "aws_launch_configuration",
      "name": "precious-terraform-training-as_conf",
      "provider": "provider[\"registry.terraform.io/hashicorp/aws\"]",
      "instances": [
        {
          "schema_version": 0,
          "attributes": {
            "arn": "arn:aws:autoscaling:eu-west-1:074656803336:launchConfiguration:a783c67b-d4a2-4189-bcf9-82d1a083972a:launchConfigurationName/precious-terraform-training-as_conf20211015180735033500000001",
            "associate_public_ip_address": false,
            "ebs_block_device": [],
            "ebs_optimized": false,
            "enable_monitoring": true,
            "ephemeral_block_device": [],
            "iam_instance_profile": "",
            "id": "precious-terraform-training-as_conf20211015180735033500000001",
            "image_id": "ami-08ebce687207a7730",
            "instance_type": "t2.medium",
            "key_name": "keypair-precious",
            "metadata_options": [],
            "name": "precious-terraform-training-as_conf20211015180735033500000001",
            "name_prefix": "precious-terraform-training-as_conf",
            "placement_tenancy": null,
            "root_block_device": [],
            "security_groups": [],
            "spot_price": "",
            "user_data": null,
            "user_data_base64": null,
            "vpc_classic_link_id": "",
            "vpc_classic_link_security_groups": []
          },
          "sensitive_attributes": [],
          "private": "bnVsbA==",
          "dependencies": [
            "aws_security_group.precious-terraform-training-SG",
            "aws_subnet.precious-terraform-training-subnet1",
            "aws_vpc.precious-terraform-training-vpc",
            "aws_ami_from_instance.precious-terraform-training-server-ami",
            "aws_instance.precious-terraform-training-windows-server",
            "aws_security_group.precious-terraform-training-ALB-SG"
          ],
          "create_before_destroy": true
        }
      ]
    },
    {
      "mode": "managed",
      "type": "aws_lb",
      "name": "precious-terraform-loadbalancer",
      "provider": "provider[\"registry.terraform.io/hashicorp/aws\"]",
      "instances": [
        {
          "schema_version": 0,
          "attributes": {
            "access_logs": [
              {
                "bucket": "",
                "enabled": false,
                "prefix": ""
              }
            ],
            "arn": "arn:aws:elasticloadbalancing:eu-west-1:074656803336:loadbalancer/app/precious-terraform-loadbalancer/fece9253f0bdbf43",
            "arn_suffix": "app/precious-terraform-loadbalancer/fece9253f0bdbf43",
            "customer_owned_ipv4_pool": "",
            "dns_name": "precious-terraform-loadbalancer-877769315.eu-west-1.elb.amazonaws.com",
            "drop_invalid_header_fields": false,
            "enable_cross_zone_load_balancing": null,
            "enable_deletion_protection": false,
            "enable_http2": true,
            "id": "arn:aws:elasticloadbalancing:eu-west-1:074656803336:loadbalancer/app/precious-terraform-loadbalancer/fece9253f0bdbf43",
            "idle_timeout": 60,
            "internal": false,
            "ip_address_type": "ipv4",
            "load_balancer_type": "application",
            "name": "precious-terraform-loadbalancer",
            "name_prefix": null,
            "security_groups": [
              "sg-05475c3207b16479e"
            ],
            "subnet_mapping": [
              {
                "allocation_id": "",
                "ipv6_address": "",
                "outpost_id": "",
                "private_ipv4_address": "",
                "subnet_id": "subnet-02f54d57c81845a8f"
              },
              {
                "allocation_id": "",
                "ipv6_address": "",
                "outpost_id": "",
                "private_ipv4_address": "",
                "subnet_id": "subnet-03b8673ff3f11f434"
              }
            ],
            "subnets": [
              "subnet-02f54d57c81845a8f",
              "subnet-03b8673ff3f11f434"
            ],
            "tags": {
              "Name": "precious-terraform-training-loadbalancer",
              "env": "precious-terraform-training",
              "owner": "precious"
            },
            "tags_all": {
              "Name": "precious-terraform-training-loadbalancer",
              "env": "precious-terraform-training",
              "owner": "precious"
            },
            "timeouts": null,
            "vpc_id": "vpc-0e5e364c38930c677",
            "zone_id": "Z32O12XQLNTSW2"
          },
          "sensitive_attributes": [],
          "private": "eyJlMmJmYjczMC1lY2FhLTExZTYtOGY4OC0zNDM2M2JjN2M0YzAiOnsiY3JlYXRlIjo2MDAwMDAwMDAwMDAsImRlbGV0ZSI6NjAwMDAwMDAwMDAwLCJ1cGRhdGUiOjYwMDAwMDAwMDAwMH19",
          "dependencies": [
            "aws_vpc.precious-terraform-training-vpc",
            "aws_security_group.precious-terraform-training-ALB-SG",
            "aws_subnet.precious-terraform-training-subnet1",
            "aws_subnet.precious-terraform-training-subnet2"
          ]
        }
      ]
    },
    {
      "mode": "managed",
      "type": "aws_lb_listener",
      "name": "precious-terraform-training-loadbalancer",
      "provider": "provider[\"registry.terraform.io/hashicorp/aws\"]",
      "instances": [
        {
          "schema_version": 0,
          "attributes": {
            "alpn_policy": null,
            "arn": "arn:aws:elasticloadbalancing:eu-west-1:074656803336:listener/app/precious-terraform-loadbalancer/fece9253f0bdbf43/9e04b83bfa1fbd4f",
            "certificate_arn": null,
            "default_action": [
              {
                "authenticate_cognito": [],
                "authenticate_oidc": [],
                "fixed_response": [],
                "forward": [],
                "order": 1,
                "redirect": [],
                "target_group_arn": "arn:aws:elasticloadbalancing:eu-west-1:074656803336:targetgroup/precious-tf-alb-target-group/66db898b60467096",
                "type": "forward"
              }
            ],
            "id": "arn:aws:elasticloadbalancing:eu-west-1:074656803336:listener/app/precious-terraform-loadbalancer/fece9253f0bdbf43/9e04b83bfa1fbd4f",
            "load_balancer_arn": "arn:aws:elasticloadbalancing:eu-west-1:074656803336:loadbalancer/app/precious-terraform-loadbalancer/fece9253f0bdbf43",
            "port": 80,
            "protocol": "HTTP",
            "ssl_policy": "",
            "tags": {},
            "tags_all": {},
            "timeouts": null
          },
          "sensitive_attributes": [],
          "private": "eyJlMmJmYjczMC1lY2FhLTExZTYtOGY4OC0zNDM2M2JjN2M0YzAiOnsicmVhZCI6NjAwMDAwMDAwMDAwfX0=",
          "dependencies": [
            "aws_security_group.precious-terraform-training-ALB-SG",
            "aws_subnet.precious-terraform-training-subnet1",
            "aws_subnet.precious-terraform-training-subnet2",
            "aws_vpc.precious-terraform-training-vpc",
            "aws_lb.precious-terraform-loadbalancer",
            "aws_lb_target_group.precious-tf-alb-target-group"
          ]
        }
      ]
    },
    {
      "mode": "managed",
      "type": "aws_lb_target_group",
      "name": "precious-tf-alb-target-group",
      "provider": "provider[\"registry.terraform.io/hashicorp/aws\"]",
      "instances": [
        {
          "schema_version": 0,
          "attributes": {
            "arn": "arn:aws:elasticloadbalancing:eu-west-1:074656803336:targetgroup/precious-tf-alb-target-group/66db898b60467096",
            "arn_suffix": "targetgroup/precious-tf-alb-target-group/66db898b60467096",
            "deregistration_delay": "300",
            "health_check": [
              {
                "enabled": true,
                "healthy_threshold": 5,
                "interval": 30,
                "matcher": "200",
                "path": "/",
                "port": "traffic-port",
                "protocol": "HTTP",
                "timeout": 5,
                "unhealthy_threshold": 2
              }
            ],
            "id": "arn:aws:elasticloadbalancing:eu-west-1:074656803336:targetgroup/precious-tf-alb-target-group/66db898b60467096",
            "lambda_multi_value_headers_enabled": false,
            "load_balancing_algorithm_type": "round_robin",
            "name": "precious-tf-alb-target-group",
            "name_prefix": null,
            "port": 80,
            "preserve_client_ip": null,
            "protocol": "HTTP",
            "protocol_version": "HTTP1",
            "proxy_protocol_v2": false,
            "slow_start": 0,
            "stickiness": [
              {
                "cookie_duration": 86400,
                "cookie_name": "",
                "enabled": false,
                "type": "lb_cookie"
              }
            ],
            "tags": {
              "Name": "precious-tf-alb-target-group",
              "env": "precious-terraform-training",
              "owner": "precious"
            },
            "tags_all": {
              "Name": "precious-tf-alb-target-group",
              "env": "precious-terraform-training",
              "owner": "precious"
            },
            "target_type": "instance",
            "vpc_id": "vpc-0e5e364c38930c677"
          },
          "sensitive_attributes": [],
          "private": "bnVsbA==",
          "dependencies": [
            "aws_vpc.precious-terraform-training-vpc"
          ],
          "create_before_destroy": true
        }
      ]
    },
    {
      "mode": "managed",
      "type": "aws_lb_target_group_attachment",
      "name": "precious-tf-alb-target-group-attachment",
      "provider": "provider[\"registry.terraform.io/hashicorp/aws\"]",
      "instances": [
        {
          "schema_version": 0,
          "attributes": {
            "availability_zone": null,
            "id": "arn:aws:elasticloadbalancing:eu-west-1:074656803336:targetgroup/precious-tf-alb-target-group/66db898b60467096-20211015174656092000000001",
            "port": 80,
            "target_group_arn": "arn:aws:elasticloadbalancing:eu-west-1:074656803336:targetgroup/precious-tf-alb-target-group/66db898b60467096",
            "target_id": "i-00e1fb7f02defefcf"
          },
          "sensitive_attributes": [],
          "private": "bnVsbA==",
          "dependencies": [
            "aws_security_group.precious-terraform-training-ALB-SG",
            "aws_security_group.precious-terraform-training-SG",
            "aws_subnet.precious-terraform-training-subnet1",
            "aws_vpc.precious-terraform-training-vpc",
            "aws_instance.precious-terraform-training-windows-server",
            "aws_lb_target_group.precious-tf-alb-target-group"
          ]
        }
      ]
    },
    {
      "mode": "managed",
      "type": "aws_route_table",
      "name": "precious-terraform-training-routetable",
      "provider": "provider[\"registry.terraform.io/hashicorp/aws\"]",
      "instances": [
        {
          "schema_version": 0,
          "attributes": {
            "arn": "arn:aws:ec2:eu-west-1:074656803336:route-table/rtb-01549c5bf0560ef9d",
            "id": "rtb-01549c5bf0560ef9d",
            "owner_id": "074656803336",
            "propagating_vgws": [],
            "route": [
              {
                "carrier_gateway_id": "",
                "cidr_block": "0.0.0.0/0",
                "destination_prefix_list_id": "",
                "egress_only_gateway_id": "",
                "gateway_id": "igw-0f50117347505a507",
                "instance_id": "",
                "ipv6_cidr_block": "",
                "local_gateway_id": "",
                "nat_gateway_id": "",
                "network_interface_id": "",
                "transit_gateway_id": "",
                "vpc_endpoint_id": "",
                "vpc_peering_connection_id": ""
              }
            ],
            "tags": {
              "Name": "precious-terraform-training-routetable",
              "env": "precious-terraform-training",
              "owner": "precious"
            },
            "tags_all": {
              "Name": "precious-terraform-training-routetable",
              "env": "precious-terraform-training",
              "owner": "precious"
            },
            "timeouts": null,
            "vpc_id": "vpc-0e5e364c38930c677"
          },
          "sensitive_attributes": [],
          "private": "eyJlMmJmYjczMC1lY2FhLTExZTYtOGY4OC0zNDM2M2JjN2M0YzAiOnsiY3JlYXRlIjoxMjAwMDAwMDAwMDAsImRlbGV0ZSI6MzAwMDAwMDAwMDAwLCJ1cGRhdGUiOjEyMDAwMDAwMDAwMH19",
          "dependencies": [
            "aws_internet_gateway.precious-terraform-training-igw",
            "aws_vpc.precious-terraform-training-vpc"
          ]
        }
      ]
    },
    {
      "mode": "managed",
      "type": "aws_route_table_association",
      "name": "precious-terraform-training-route-subnet1-association",
      "provider": "provider[\"registry.terraform.io/hashicorp/aws\"]",
      "instances": [
        {
          "schema_version": 0,
          "attributes": {
            "gateway_id": "",
            "id": "rtbassoc-06312f13f25541521",
            "route_table_id": "rtb-01549c5bf0560ef9d",
            "subnet_id": "subnet-03b8673ff3f11f434"
          },
          "sensitive_attributes": [],
          "private": "bnVsbA==",
          "dependencies": [
            "aws_internet_gateway.precious-terraform-training-igw",
            "aws_route_table.precious-terraform-training-routetable",
            "aws_subnet.precious-terraform-training-subnet1",
            "aws_vpc.precious-terraform-training-vpc"
          ]
        }
      ]
    },
    {
      "mode": "managed",
      "type": "aws_route_table_association",
      "name": "precious-terraform-training-route-subnet2-association",
      "provider": "provider[\"registry.terraform.io/hashicorp/aws\"]",
      "instances": [
        {
          "schema_version": 0,
          "attributes": {
            "gateway_id": "",
            "id": "rtbassoc-08bf0c07793e6969e",
            "route_table_id": "rtb-01549c5bf0560ef9d",
            "subnet_id": "subnet-02f54d57c81845a8f"
          },
          "sensitive_attributes": [],
          "private": "bnVsbA==",
          "dependencies": [
            "aws_internet_gateway.precious-terraform-training-igw",
            "aws_route_table.precious-terraform-training-routetable",
            "aws_subnet.precious-terraform-training-subnet2",
            "aws_vpc.precious-terraform-training-vpc"
          ]
        }
      ]
    },
    {
      "mode": "managed",
      "type": "aws_security_group",
      "name": "precious-terraform-training-ALB-SG",
      "provider": "provider[\"registry.terraform.io/hashicorp/aws\"]",
      "instances": [
        {
          "schema_version": 1,
          "attributes": {
            "arn": "arn:aws:ec2:eu-west-1:074656803336:security-group/sg-05475c3207b16479e",
            "description": "precious-terraform-training-SG to allow internet access",
            "egress": [
              {
                "cidr_blocks": [
                  "0.0.0.0/0"
                ],
                "description": "outbound rule",
                "from_port": 0,
                "ipv6_cidr_blocks": [
                  "::/0"
                ],
                "prefix_list_ids": [],
                "protocol": "-1",
                "security_groups": [],
                "self": false,
                "to_port": 0
              }
            ],
            "id": "sg-05475c3207b16479e",
            "ingress": [
              {
                "cidr_blocks": [
                  "0.0.0.0/0"
                ],
                "description": "Http access to ec2",
                "from_port": 80,
                "ipv6_cidr_blocks": [
                  "::/0"
                ],
                "prefix_list_ids": [],
                "protocol": "tcp",
                "security_groups": [],
                "self": false,
                "to_port": 80
              },
              {
                "cidr_blocks": [
                  "0.0.0.0/0"
                ],
                "description": "TLS from VPC",
                "from_port": 443,
                "ipv6_cidr_blocks": [
                  "::/0"
                ],
                "prefix_list_ids": [],
                "protocol": "tcp",
                "security_groups": [],
                "self": false,
                "to_port": 443
              }
            ],
            "name": "precious-terraform-training-ALB-SG",
            "name_prefix": "",
            "owner_id": "074656803336",
            "revoke_rules_on_delete": false,
            "tags": {
              "Name": "precious-terraform-training-ALB-SG",
              "env": "precious-terraform-training",
              "owner": "precious"
            },
            "tags_all": {
              "Name": "precious-terraform-training-ALB-SG",
              "env": "precious-terraform-training",
              "owner": "precious"
            },
            "timeouts": null,
            "vpc_id": "vpc-0e5e364c38930c677"
          },
          "sensitive_attributes": [],
          "private": "eyJlMmJmYjczMC1lY2FhLTExZTYtOGY4OC0zNDM2M2JjN2M0YzAiOnsiY3JlYXRlIjo2MDAwMDAwMDAwMDAsImRlbGV0ZSI6OTAwMDAwMDAwMDAwfSwic2NoZW1hX3ZlcnNpb24iOiIxIn0=",
          "dependencies": [
            "aws_vpc.precious-terraform-training-vpc"
          ],
          "create_before_destroy": true
        }
      ]
    },
    {
      "mode": "managed",
      "type": "aws_security_group",
      "name": "precious-terraform-training-SG",
      "provider": "provider[\"registry.terraform.io/hashicorp/aws\"]",
      "instances": [
        {
          "schema_version": 1,
          "attributes": {
            "arn": "arn:aws:ec2:eu-west-1:074656803336:security-group/sg-0d465c798fd07ea91",
            "description": "precious-terraform-training-SG to allow internet access",
            "egress": [
              {
                "cidr_blocks": [
                  "0.0.0.0/0"
                ],
                "description": "outbound rule",
                "from_port": 0,
                "ipv6_cidr_blocks": [
                  "::/0"
                ],
                "prefix_list_ids": [],
                "protocol": "-1",
                "security_groups": [],
                "self": false,
                "to_port": 0
              }
            ],
            "id": "sg-0d465c798fd07ea91",
            "ingress": [
              {
                "cidr_blocks": [
                  "0.0.0.0/0"
                ],
                "description": "rdp access to ec2",
                "from_port": 3389,
                "ipv6_cidr_blocks": [
                  "::/0"
                ],
                "prefix_list_ids": [],
                "protocol": "tcp",
                "security_groups": [],
                "self": false,
                "to_port": 3389
              },
              {
                "cidr_blocks": [],
                "description": "Http access to ec2",
                "from_port": 80,
                "ipv6_cidr_blocks": [],
                "prefix_list_ids": [],
                "protocol": "tcp",
                "security_groups": [
                  "sg-05475c3207b16479e"
                ],
                "self": false,
                "to_port": 80
              },
              {
                "cidr_blocks": [],
                "description": "TLS from VPC",
                "from_port": 443,
                "ipv6_cidr_blocks": [],
                "prefix_list_ids": [],
                "protocol": "tcp",
                "security_groups": [
                  "sg-05475c3207b16479e"
                ],
                "self": false,
                "to_port": 443
              }
            ],
            "name": "precious-terraform-training-SG",
            "name_prefix": "",
            "owner_id": "074656803336",
            "revoke_rules_on_delete": false,
            "tags": {
              "Name": "precious-terraform-training-SG",
              "env": "precious-terraform-training",
              "owner": "precious"
            },
            "tags_all": {
              "Name": "precious-terraform-training-SG",
              "env": "precious-terraform-training",
              "owner": "precious"
            },
            "timeouts": null,
            "vpc_id": "vpc-0e5e364c38930c677"
          },
          "sensitive_attributes": [],
          "private": "eyJlMmJmYjczMC1lY2FhLTExZTYtOGY4OC0zNDM2M2JjN2M0YzAiOnsiY3JlYXRlIjo2MDAwMDAwMDAwMDAsImRlbGV0ZSI6OTAwMDAwMDAwMDAwfSwic2NoZW1hX3ZlcnNpb24iOiIxIn0=",
          "dependencies": [
            "aws_vpc.precious-terraform-training-vpc",
            "aws_security_group.precious-terraform-training-ALB-SG"
          ],
          "create_before_destroy": true
        }
      ]
    },
    {
      "mode": "managed",
      "type": "aws_subnet",
      "name": "precious-terraform-training-subnet1",
      "provider": "provider[\"registry.terraform.io/hashicorp/aws\"]",
      "instances": [
        {
          "schema_version": 1,
          "attributes": {
            "arn": "arn:aws:ec2:eu-west-1:074656803336:subnet/subnet-03b8673ff3f11f434",
            "assign_ipv6_address_on_creation": false,
            "availability_zone": "eu-west-1c",
            "availability_zone_id": "euw1-az3",
            "cidr_block": "172.31.0.0/22",
            "customer_owned_ipv4_pool": "",
            "id": "subnet-03b8673ff3f11f434",
            "ipv6_cidr_block": "",
            "ipv6_cidr_block_association_id": "",
            "map_customer_owned_ip_on_launch": false,
            "map_public_ip_on_launch": false,
            "outpost_arn": "",
            "owner_id": "074656803336",
            "tags": {
              "Name": "precious-terraform-training-subnet1",
              "env": "precious-training"
            },
            "tags_all": {
              "Name": "precious-terraform-training-subnet1",
              "env": "precious-training"
            },
            "timeouts": null,
            "vpc_id": "vpc-0e5e364c38930c677"
          },
          "sensitive_attributes": [],
          "private": "eyJlMmJmYjczMC1lY2FhLTExZTYtOGY4OC0zNDM2M2JjN2M0YzAiOnsiY3JlYXRlIjo2MDAwMDAwMDAwMDAsImRlbGV0ZSI6MTIwMDAwMDAwMDAwMH0sInNjaGVtYV92ZXJzaW9uIjoiMSJ9",
          "dependencies": [
            "aws_vpc.precious-terraform-training-vpc"
          ],
          "create_before_destroy": true
        }
      ]
    },
    {
      "mode": "managed",
      "type": "aws_subnet",
      "name": "precious-terraform-training-subnet2",
      "provider": "provider[\"registry.terraform.io/hashicorp/aws\"]",
      "instances": [
        {
          "schema_version": 1,
          "attributes": {
            "arn": "arn:aws:ec2:eu-west-1:074656803336:subnet/subnet-02f54d57c81845a8f",
            "assign_ipv6_address_on_creation": false,
            "availability_zone": "eu-west-1b",
            "availability_zone_id": "euw1-az2",
            "cidr_block": "172.31.4.0/22",
            "customer_owned_ipv4_pool": "",
            "id": "subnet-02f54d57c81845a8f",
            "ipv6_cidr_block": "",
            "ipv6_cidr_block_association_id": "",
            "map_customer_owned_ip_on_launch": false,
            "map_public_ip_on_launch": false,
            "outpost_arn": "",
            "owner_id": "074656803336",
            "tags": {
              "Name": "precious-terraform-training-subnet2",
              "env": "precious-terraform-training",
              "owner": "precious"
            },
            "tags_all": {
              "Name": "precious-terraform-training-subnet2",
              "env": "precious-terraform-training",
              "owner": "precious"
            },
            "timeouts": null,
            "vpc_id": "vpc-0e5e364c38930c677"
          },
          "sensitive_attributes": [],
          "private": "eyJlMmJmYjczMC1lY2FhLTExZTYtOGY4OC0zNDM2M2JjN2M0YzAiOnsiY3JlYXRlIjo2MDAwMDAwMDAwMDAsImRlbGV0ZSI6MTIwMDAwMDAwMDAwMH0sInNjaGVtYV92ZXJzaW9uIjoiMSJ9",
          "dependencies": [
            "aws_vpc.precious-terraform-training-vpc"
          ],
          "create_before_destroy": true
        }
      ]
    },
    {
      "mode": "managed",
      "type": "aws_vpc",
      "name": "precious-terraform-training-vpc",
      "provider": "provider[\"registry.terraform.io/hashicorp/aws\"]",
      "instances": [
        {
          "schema_version": 1,
          "attributes": {
            "arn": "arn:aws:ec2:eu-west-1:074656803336:vpc/vpc-0e5e364c38930c677",
            "assign_generated_ipv6_cidr_block": false,
            "cidr_block": "172.31.0.0/16",
            "default_network_acl_id": "acl-018d84c959578e6c4",
            "default_route_table_id": "rtb-0e5c2d2f7df71a2e0",
            "default_security_group_id": "sg-0ec84b610205ee851",
            "dhcp_options_id": "dopt-acfdb2ca",
            "enable_classiclink": false,
            "enable_classiclink_dns_support": false,
            "enable_dns_hostnames": false,
            "enable_dns_support": true,
            "id": "vpc-0e5e364c38930c677",
            "instance_tenancy": "default",
            "ipv6_association_id": "",
            "ipv6_cidr_block": "",
            "main_route_table_id": "rtb-0e5c2d2f7df71a2e0",
            "owner_id": "074656803336",
            "tags": {
              "Name": "precious-terraform-training-vpc",
              "env": "precious-terraform-training",
              "owner": "precious"
            },
            "tags_all": {
              "Name": "precious-terraform-training-vpc",
              "env": "precious-terraform-training",
              "owner": "precious"
            }
          },
          "sensitive_attributes": [],
          "private": "eyJzY2hlbWFfdmVyc2lvbiI6IjEifQ==",
          "create_before_destroy": true
        }
      ]
    }
  ]
}
